
Microsoft Visual Studio Solution File, Format Version 12.00
# Visual Studio Version 17
VisualStudioVersion = 17.14.36414.22
MinimumVisualStudioVersion = 10.0.40219.1
Project("{FAE04EC0-301F-11D3-BF4B-00C04F79EFBC}") = "PresentationLayer", "PresentationLayer\PresentationLayer.csproj", "{7D654CA7-EAD2-4F6E-92CC-93795E9F2248}"
EndProject
Project("{FAE04EC0-301F-11D3-BF4B-00C04F79EFBC}") = "DataAccessLayer", "DataAccessLayer\DataAccessLayer.csproj", "{6322C52C-4551-462A-BC7A-015FABCBE0A8}"
EndProject
Project("{FAE04EC0-301F-11D3-BF4B-00C04F79EFBC}") = "BussinessLogicLayer", "BussinessLogicLayer\BussinessLogicLayer.csproj", "{B851A608-66BF-4D11-87E6-3F3A37D62C13}"
EndProject
Global
	GlobalSection(SolutionConfigurationPlatforms) = preSolution
		Debug|Any CPU = Debug|Any CPU
		Release|Any CPU = Release|Any CPU
	EndGlobalSection
	GlobalSection(ProjectConfigurationPlatforms) = postSolution
		{7D654CA7-EAD2-4F6E-92CC-93795E9F2248}.Debug|Any CPU.ActiveCfg = Debug|Any CPU
		{7D654CA7-EAD2-4F6E-92CC-93795E9F2248}.Debug|Any CPU.Build.0 = Debug|Any CPU
		{7D654CA7-EAD2-4F6E-92CC-93795E9F2248}.Release|Any CPU.ActiveCfg = Release|Any CPU
		{7D654CA7-EAD2-4F6E-92CC-93795E9F2248}.Release|Any CPU.Build.0 = Release|Any CPU
		{6322C52C-4551-462A-BC7A-015FABCBE0A8}.Debug|Any CPU.ActiveCfg = Debug|Any CPU
		{6322C52C-4551-462A-BC7A-015FABCBE0A8}.Debug|Any CPU.Build.0 = Debug|Any CPU
		{6322C52C-4551-462A-BC7A-015FABCBE0A8}.Release|Any CPU.ActiveCfg = Release|Any CPU
		{6322C52C-4551-462A-BC7A-015FABCBE0A8}.Release|Any CPU.Build.0 = Release|Any CPU
		{B851A608-66BF-4D11-87E6-3F3A37D62C13}.Debug|Any CPU.ActiveCfg = Debug|Any CPU
		{B851A608-66BF-4D11-87E6-3F3A37D62C13}.Debug|Any CPU.Build.0 = Debug|Any CPU
		{B851A608-66BF-4D11-87E6-3F3A37D62C13}.Release|Any CPU.ActiveCfg = Release|Any CPU
		{B851A608-66BF-4D11-87E6-3F3A37D62C13}.Release|Any CPU.Build.0 = Release|Any CPU
	EndGlobalSection
	GlobalSection(SolutionProperties) = preSolution
		HideSolutionNode = FALSE
	EndGlobalSection
	GlobalSection(ExtensibilityGlobals) = postSolution
		SolutionGuid = {8B006090-8BBF-49BF-8196-240D3C4D128F}
	EndGlobalSection
EndGlobal
